
Microsoft Visual Studio Solution File, Format Version 12.00
# Visual Studio Version 16
VisualStudioVersion = 16.0.31229.75
MinimumVisualStudioVersion = 10.0.40219.1
Project("{FAE04EC0-301F-11D3-BF4B-00C04F79EFBC}") = "Lesson3Work3", "Lesson3Work3\Lesson3Work3.csproj", "{A14D3CD7-7D7C-466A-9FED-069B250CBB83}"
EndProject
Global
	GlobalSection(SolutionConfigurationPlatforms) = preSolution
		Debug|Any CPU = Debug|Any CPU
		Release|Any CPU = Release|Any CPU
	EndGlobalSection
	GlobalSection(ProjectConfigurationPlatforms) = postSolution
		{A14D3CD7-7D7C-466A-9FED-069B250CBB83}.Debug|Any CPU.ActiveCfg = Debug|Any CPU
		{A14D3CD7-7D7C-466A-9FED-069B250CBB83}.Debug|Any CPU.Build.0 = Debug|Any CPU
		{A14D3CD7-7D7C-466A-9FED-069B250CBB83}.Release|Any CPU.ActiveCfg = Release|Any CPU
		{A14D3CD7-7D7C-466A-9FED-069B250CBB83}.Release|Any CPU.Build.0 = Release|Any CPU
	EndGlobalSection
	GlobalSection(SolutionProperties) = preSolution
		HideSolutionNode = FALSE
	EndGlobalSection
	GlobalSection(ExtensibilityGlobals) = postSolution
		SolutionGuid = {03D30F36-BD9D-4C68-A94F-4FA7C1FBFEF1}
	EndGlobalSection
EndGlobal
